
Microsoft Visual Studio Solution File, Format Version 12.00
# Visual Studio 14
VisualStudioVersion = 14.0.25420.1
MinimumVisualStudioVersion = 10.0.40219.1
Project("{FAE04EC0-301F-11D3-BF4B-00C04F79EFBC}") = "Planning.Model", "Planning\Planning.Model.csproj", "{FD6A781E-68CC-4C89-A4FD-3826259FB001}"
EndProject
Project("{FAE04EC0-301F-11D3-BF4B-00C04F79EFBC}") = "Planning.UnitTest", "Planning_Test\Planning.UnitTest.csproj", "{2237795B-227A-4AAD-AA9D-5CC5220910DE}"
EndProject
Project("{FAE04EC0-301F-11D3-BF4B-00C04F79EFBC}") = "Planning.ViewModel", "Planning.ViewModel\Planning.ViewModel.csproj", "{751A1B9D-AA96-49A4-B8C7-CF063560C4D4}"
EndProject
Project("{FAE04EC0-301F-11D3-BF4B-00C04F79EFBC}") = "Planning.View", "Planning.View\Planning.View.csproj", "{CEF70E56-3EEB-456A-B2D2-86F69E88BF28}"
EndProject
Global
	GlobalSection(SolutionConfigurationPlatforms) = preSolution
		Debug|Any CPU = Debug|Any CPU
		Release|Any CPU = Release|Any CPU
	EndGlobalSection
	GlobalSection(ProjectConfigurationPlatforms) = postSolution
		{FD6A781E-68CC-4C89-A4FD-3826259FB001}.Debug|Any CPU.ActiveCfg = Debug|Any CPU
		{FD6A781E-68CC-4C89-A4FD-3826259FB001}.Debug|Any CPU.Build.0 = Debug|Any CPU
		{FD6A781E-68CC-4C89-A4FD-3826259FB001}.Release|Any CPU.ActiveCfg = Release|Any CPU
		{FD6A781E-68CC-4C89-A4FD-3826259FB001}.Release|Any CPU.Build.0 = Release|Any CPU
		{2237795B-227A-4AAD-AA9D-5CC5220910DE}.Debug|Any CPU.ActiveCfg = Debug|Any CPU
		{2237795B-227A-4AAD-AA9D-5CC5220910DE}.Debug|Any CPU.Build.0 = Debug|Any CPU
		{2237795B-227A-4AAD-AA9D-5CC5220910DE}.Release|Any CPU.ActiveCfg = Release|Any CPU
		{2237795B-227A-4AAD-AA9D-5CC5220910DE}.Release|Any CPU.Build.0 = Release|Any CPU
		{751A1B9D-AA96-49A4-B8C7-CF063560C4D4}.Debug|Any CPU.ActiveCfg = Debug|Any CPU
		{751A1B9D-AA96-49A4-B8C7-CF063560C4D4}.Debug|Any CPU.Build.0 = Debug|Any CPU
		{751A1B9D-AA96-49A4-B8C7-CF063560C4D4}.Release|Any CPU.ActiveCfg = Release|Any CPU
		{751A1B9D-AA96-49A4-B8C7-CF063560C4D4}.Release|Any CPU.Build.0 = Release|Any CPU
		{CEF70E56-3EEB-456A-B2D2-86F69E88BF28}.Debug|Any CPU.ActiveCfg = Debug|Any CPU
		{CEF70E56-3EEB-456A-B2D2-86F69E88BF28}.Debug|Any CPU.Build.0 = Debug|Any CPU
		{CEF70E56-3EEB-456A-B2D2-86F69E88BF28}.Release|Any CPU.ActiveCfg = Release|Any CPU
		{CEF70E56-3EEB-456A-B2D2-86F69E88BF28}.Release|Any CPU.Build.0 = Release|Any CPU
	EndGlobalSection
	GlobalSection(SolutionProperties) = preSolution
		HideSolutionNode = FALSE
	EndGlobalSection
EndGlobal
